
Microsoft Visual Studio Solution File, Format Version 12.00
# Visual Studio 14
VisualStudioVersion = 14.0.24720.0
MinimumVisualStudioVersion = 10.0.40219.1
Project("{FAE04EC0-301F-11D3-BF4B-00C04F79EFBC}") = "ActivityTracker", "ActivityTracker\ActivityTracker.csproj", "{56686F73-8BB2-4075-B1DB-71FE5B6B0877}"
EndProject
Global
	GlobalSection(SolutionConfigurationPlatforms) = preSolution
		Debug|Any CPU = Debug|Any CPU
		Release|Any CPU = Release|Any CPU
	EndGlobalSection
	GlobalSection(ProjectConfigurationPlatforms) = postSolution
		{56686F73-8BB2-4075-B1DB-71FE5B6B0877}.Debug|Any CPU.ActiveCfg = Debug|Any CPU
		{56686F73-8BB2-4075-B1DB-71FE5B6B0877}.Debug|Any CPU.Build.0 = Debug|Any CPU
		{56686F73-8BB2-4075-B1DB-71FE5B6B0877}.Release|Any CPU.ActiveCfg = Release|Any CPU
		{56686F73-8BB2-4075-B1DB-71FE5B6B0877}.Release|Any CPU.Build.0 = Release|Any CPU
	EndGlobalSection
	GlobalSection(SolutionProperties) = preSolution
		HideSolutionNode = FALSE
	EndGlobalSection
EndGlobal
